
Microsoft Visual Studio Solution File, Format Version 12.00
# Visual Studio Version 17
VisualStudioVersion = 17.3.32929.385
MinimumVisualStudioVersion = 10.0.40219.1
Project("{FAE04EC0-301F-11D3-BF4B-00C04F79EFBC}") = "ManejoPresupuestov6", "ManejoPresupuestov6\ManejoPresupuestov6.csproj", "{899C7CF9-C5DD-4C7A-9233-18BCFA119E9C}"
EndProject
Global
	GlobalSection(SolutionConfigurationPlatforms) = preSolution
		Debug|Any CPU = Debug|Any CPU
		Release|Any CPU = Release|Any CPU
	EndGlobalSection
	GlobalSection(ProjectConfigurationPlatforms) = postSolution
		{899C7CF9-C5DD-4C7A-9233-18BCFA119E9C}.Debug|Any CPU.ActiveCfg = Debug|Any CPU
		{899C7CF9-C5DD-4C7A-9233-18BCFA119E9C}.Debug|Any CPU.Build.0 = Debug|Any CPU
		{899C7CF9-C5DD-4C7A-9233-18BCFA119E9C}.Release|Any CPU.ActiveCfg = Release|Any CPU
		{899C7CF9-C5DD-4C7A-9233-18BCFA119E9C}.Release|Any CPU.Build.0 = Release|Any CPU
	EndGlobalSection
	GlobalSection(SolutionProperties) = preSolution
		HideSolutionNode = FALSE
	EndGlobalSection
	GlobalSection(ExtensibilityGlobals) = postSolution
		SolutionGuid = {1723DD93-211A-4C19-9D28-1A8038491A01}
	EndGlobalSection
EndGlobal
